{
  "name": "browserlab",
  "version": "1.0.0",
  "lockfileVersion": 2,
  "requires": true,
  "packages": {
    "": {
      "name": "browserlab",
      "version": "1.0.0",
      "license": "ISC",
      "workspaces": [
        "packages/browserlab",
        "packages/demo"
      ]
    },
    "node_modules/browserlab": {
      "resolved": "packages/browserlab",
      "link": true
    },
    "node_modules/demo": {
      "resolved": "packages/demo",
      "link": true
    },
    "packages/browserlab": {
      "version": "1.0.0",
      "license": "ISC"
    },
    "packages/demo": {
      "version": "1.0.0",
      "license": "ISC"
    }
  },
  "dependencies": {
    "browserlab": {
      "version": "file:packages/browserlab"
    },
    "demo": {
      "version": "file:packages/demo"
    }
  }
}
